# THIS IS AN AUTOGENERATED FILE. DO NOT EDIT THIS FILE DIRECTLY.
# yarn lockfile v1


axios@0.15.3:
  version "0.15.3"
  resolved "https://registry.yarnpkg.com/axios/-/axios-0.15.3.tgz#2c9d638b2e191a08ea1d6cc988eadd6ba5bdc053"
  dependencies:
    follow-redirects "1.0.0"

debug@^2.2.0:
  version "2.6.1"
  resolved "https://registry.yarnpkg.com/debug/-/debug-2.6.1.tgz#79855090ba2c4e3115cc7d8769491d58f0491351"
  dependencies:
    ms "0.7.2"

follow-redirects@1.0.0:
  version "1.0.0"
  resolved "https://registry.yarnpkg.com/follow-redirects/-/follow-redirects-1.0.0.tgz#8e34298cbd2e176f254effec75a1c78cc849fd37"
  dependencies:
    debug "^2.2.0"

ms@0.7.2:
  version "0.7.2"
  resolved "https://registry.yarnpkg.com/ms/-/ms-0.7.2.tgz#ae25cf2512b3885a1d95d7f037868d8431124765"

vue-router@^2.2.1:
  version "2.2.1"
  resolved "https://registry.yarnpkg.com/vue-router/-/vue-router-2.2.1.tgz#b027f9fac2cf13462725e843d6dc631b6aa077f6"

vue@2.1.10:
  version "2.1.10"
  resolved "https://registry.yarnpkg.com/vue/-/vue-2.1.10.tgz#c9235ca48c7925137be5807832ac4e3ac180427b"

vuex-router-sync@^4.1.2:
  version "4.1.2"
  resolved "https://registry.yarnpkg.com/vuex-router-sync/-/vuex-router-sync-4.1.2.tgz#584d6315909257adec2914a63d54b428c016b8ec"

vuex@^2.1.2:
  version "2.1.2"
  resolved "https://registry.yarnpkg.com/vuex/-/vuex-2.1.2.tgz#15d2da62dd6ff59c071f0a91cd4f434eacf6ca6c"
